
Microsoft Visual Studio Solution File, Format Version 12.00
# Visual Studio Version 16
VisualStudioVersion = 25.0.1706.3
MinimumVisualStudioVersion = 10.0.40219.1
Project("{FAE04EC0-301F-11D3-BF4B-00C04F79EFBC}") = "UDM.Api", "UDM.Api\UDM.Api.csproj", "{B3AEE40D-5C5F-4282-B17A-37C7184C85C1}"
EndProject
Project("{FAE04EC0-301F-11D3-BF4B-00C04F79EFBC}") = "UDMNoSQL.Api", "UDMNoSQL.Api\UDMNoSQL.Api.csproj", "{D2EB04AB-71BA-4A77-8DCE-6624619949B8}"
EndProject
Global
	GlobalSection(SolutionConfigurationPlatforms) = preSolution
		Debug|Any CPU = Debug|Any CPU
		Release|Any CPU = Release|Any CPU
	EndGlobalSection
	GlobalSection(ProjectConfigurationPlatforms) = postSolution
		{B3AEE40D-5C5F-4282-B17A-37C7184C85C1}.Debug|Any CPU.ActiveCfg = Debug|Any CPU
		{B3AEE40D-5C5F-4282-B17A-37C7184C85C1}.Debug|Any CPU.Build.0 = Debug|Any CPU
		{B3AEE40D-5C5F-4282-B17A-37C7184C85C1}.Release|Any CPU.ActiveCfg = Release|Any CPU
		{B3AEE40D-5C5F-4282-B17A-37C7184C85C1}.Release|Any CPU.Build.0 = Release|Any CPU
		{D2EB04AB-71BA-4A77-8DCE-6624619949B8}.Debug|Any CPU.ActiveCfg = Debug|Any CPU
		{D2EB04AB-71BA-4A77-8DCE-6624619949B8}.Debug|Any CPU.Build.0 = Debug|Any CPU
		{D2EB04AB-71BA-4A77-8DCE-6624619949B8}.Release|Any CPU.ActiveCfg = Release|Any CPU
		{D2EB04AB-71BA-4A77-8DCE-6624619949B8}.Release|Any CPU.Build.0 = Release|Any CPU
	EndGlobalSection
	GlobalSection(SolutionProperties) = preSolution
		HideSolutionNode = FALSE
	EndGlobalSection
	GlobalSection(ExtensibilityGlobals) = postSolution
		SolutionGuid = {B2EDD4FA-8FDA-40A6-A1A7-59AB085E79B2}
	EndGlobalSection
EndGlobal
